
Microsoft Visual Studio Solution File, Format Version 12.00
# Visual Studio Version 17
VisualStudioVersion = 17.9.34728.123
MinimumVisualStudioVersion = 10.0.40219.1
Project("{FAE04EC0-301F-11D3-BF4B-00C04F79EFBC}") = "WinformExamp3", "WinformExamp3\WinformExamp3.csproj", "{F3753543-A4C4-401E-B7D4-7BCC1F37E9D5}"
EndProject
Global
	GlobalSection(SolutionConfigurationPlatforms) = preSolution
		Debug|Any CPU = Debug|Any CPU
		Release|Any CPU = Release|Any CPU
	EndGlobalSection
	GlobalSection(ProjectConfigurationPlatforms) = postSolution
		{F3753543-A4C4-401E-B7D4-7BCC1F37E9D5}.Debug|Any CPU.ActiveCfg = Debug|Any CPU
		{F3753543-A4C4-401E-B7D4-7BCC1F37E9D5}.Debug|Any CPU.Build.0 = Debug|Any CPU
		{F3753543-A4C4-401E-B7D4-7BCC1F37E9D5}.Release|Any CPU.ActiveCfg = Release|Any CPU
		{F3753543-A4C4-401E-B7D4-7BCC1F37E9D5}.Release|Any CPU.Build.0 = Release|Any CPU
	EndGlobalSection
	GlobalSection(SolutionProperties) = preSolution
		HideSolutionNode = FALSE
	EndGlobalSection
	GlobalSection(ExtensibilityGlobals) = postSolution
		SolutionGuid = {AAF3EAEA-D18D-4DFE-BC41-FA41BB9DEB2A}
	EndGlobalSection
EndGlobal
